
Microsoft Visual Studio Solution File, Format Version 12.00
# Visual Studio Version 16
VisualStudioVersion = 16.0.30611.23
MinimumVisualStudioVersion = 10.0.40219.1
Project("{FAE04EC0-301F-11D3-BF4B-00C04F79EFBC}") = "GADE6122part1", "GADE6122part1\GADE6122part1.csproj", "{ED399C5E-DB7D-4038-B037-F8A1401FCDC6}"
EndProject
Global
	GlobalSection(SolutionConfigurationPlatforms) = preSolution
		Debug|Any CPU = Debug|Any CPU
		Release|Any CPU = Release|Any CPU
	EndGlobalSection
	GlobalSection(ProjectConfigurationPlatforms) = postSolution
		{ED399C5E-DB7D-4038-B037-F8A1401FCDC6}.Debug|Any CPU.ActiveCfg = Debug|Any CPU
		{ED399C5E-DB7D-4038-B037-F8A1401FCDC6}.Debug|Any CPU.Build.0 = Debug|Any CPU
		{ED399C5E-DB7D-4038-B037-F8A1401FCDC6}.Release|Any CPU.ActiveCfg = Release|Any CPU
		{ED399C5E-DB7D-4038-B037-F8A1401FCDC6}.Release|Any CPU.Build.0 = Release|Any CPU
	EndGlobalSection
	GlobalSection(SolutionProperties) = preSolution
		HideSolutionNode = FALSE
	EndGlobalSection
	GlobalSection(ExtensibilityGlobals) = postSolution
		SolutionGuid = {F18BCFDA-0E2E-41E8-8088-692AF7413DD6}
	EndGlobalSection
EndGlobal
